{
  "name": "raw-archive",
  "version": "1.0.0",
  "lockfileVersion": 1,
  "requires": true,
  "dependencies": {
    "@grapheng/prelude": {
      "version": "6.0.0",
      "resolved": "https://registry.npmjs.org/@grapheng/prelude/-/prelude-6.0.0.tgz",
      "integrity": "sha512-CoAorNNvZZH6BF1ioXKGLx7r7ESCZgyqKO4SKmXWtFgFqNEXeNzCR8P8H8QckxZRUf9l5urVm/z+MCucgfMdeg==",
      "dev": true,
      "requires": {
        "fp-ts": "^2.0.2",
        "fp-ts-contrib": "^0.1.2",
        "io-ts": "^2.0.0",
        "monocle-ts": "^2.0.0",
        "ms": "^2.1.1"
      }
    },
    "@types/lodash": {
      "version": "4.14.136",
      "resolved": "https://registry.npmjs.org/@types/lodash/-/lodash-4.14.136.tgz",
      "integrity": "sha512-0GJhzBdvsW2RUccNHOBkabI8HZVdOXmXbXhuKlDEd5Vv12P7oAVGfomGp3Ne21o5D/qu1WmthlNKFaoZJJeErA==",
      "dev": true
    },
    "@types/moment-timezone": {
      "version": "0.5.12",
      "resolved": "https://registry.npmjs.org/@types/moment-timezone/-/moment-timezone-0.5.12.tgz",
      "integrity": "sha512-hnHH2+Efg2vExr/dSz+IX860nSiyk9Sk4pJF2EmS11lRpMcNXeB4KBW5xcgw2QPsb9amTXdsVNEe5IoJXiT0uw==",
      "dev": true,
      "requires": {
        "moment": ">=2.14.0"
      }
    },
    "@types/node": {
      "version": "12.6.3",
      "resolved": "https://carfax.jfrog.io/carfax/api/npm/npm-all/@types/node/-/node-12.6.3.tgz",
      "integrity": "sha1-RNUHxWNPhecWRwfKNruiG1IT1Ic=",
      "dev": true
    },
    "@types/uuid": {
      "version": "3.4.5",
      "resolved": "https://carfax.jfrog.io/carfax/api/npm/npm-all/@types/uuid/-/uuid-3.4.5.tgz",
      "integrity": "sha1-1NwQeFtJehR06uC6fwywnA3f1us=",
      "dev": true,
      "requires": {
        "@types/node": "*"
      }
    },
    "fp-ts": {
      "version": "2.0.2",
      "resolved": "https://registry.npmjs.org/fp-ts/-/fp-ts-2.0.2.tgz",
      "integrity": "sha512-ZCeu5MkqNDBWe1ewjZQ9Q9JNcPKEKXpitYzJ4ygCWpfJ3skW3imZ45EqsZd+9N8rkBvmsb64ToZTI2xXNO9IcQ==",
      "dev": true
    },
    "fp-ts-contrib": {
      "version": "0.1.2",
      "resolved": "https://registry.npmjs.org/fp-ts-contrib/-/fp-ts-contrib-0.1.2.tgz",
      "integrity": "sha512-Y00vng5H5bagyjVoM5fwoqVNOYKQAKgafZ2olFBQNEER8uyHUEBWMNkWREiVLJD8DHIcnvW45qkxTfZQqyv6Cw==",
      "dev": true
    },
    "io-ts": {
      "version": "2.0.0",
      "resolved": "https://registry.npmjs.org/io-ts/-/io-ts-2.0.0.tgz",
      "integrity": "sha512-6i8PKyNR/dvEbUU9uE+v4iVFU7l674ZEGQsh92y6xEZF/rj46fXbPy+uPPXJEsCP0J0X3UpzXAxp04K4HR2jVw==",
      "dev": true
    },
    "lodash": {
      "version": "4.17.15",
      "resolved": "https://registry.npmjs.org/lodash/-/lodash-4.17.15.tgz",
      "integrity": "sha512-8xOcRHvCjnocdS5cpwXQXVzmmh5e5+saE2QGoeQmbKmRS6J3VQppPOIt0MnmE+4xlZoumy0GPG0D0MVIQbNA1A=="
    },
    "moment": {
      "version": "2.24.0",
      "resolved": "https://registry.npmjs.org/moment/-/moment-2.24.0.tgz",
      "integrity": "sha512-bV7f+6l2QigeBBZSM/6yTNq4P2fNpSWj/0e7jQcy87A8e7o2nAfP/34/2ky5Vw4B9S446EtIhodAzkFCcR4dQg=="
    },
    "moment-timezone": {
      "version": "0.5.26",
      "resolved": "https://registry.npmjs.org/moment-timezone/-/moment-timezone-0.5.26.tgz",
      "integrity": "sha512-sFP4cgEKTCymBBKgoxZjYzlSovC20Y6J7y3nanDc5RoBIXKlZhoYwBoZGe3flwU6A372AcRwScH8KiwV6zjy1g==",
      "requires": {
        "moment": ">= 2.9.0"
      }
    },
    "monocle-ts": {
      "version": "2.0.0",
      "resolved": "https://registry.npmjs.org/monocle-ts/-/monocle-ts-2.0.0.tgz",
      "integrity": "sha512-vPM02WypUz0Xo2MtLUPgvdelCRn70VT05pdAB7qmHJSNY4CAoQt3ClpH77AG3yZk7PY8CA6++ezHcENUDOiuEA==",
      "dev": true
    },
    "ms": {
      "version": "2.1.2",
      "resolved": "https://registry.npmjs.org/ms/-/ms-2.1.2.tgz",
      "integrity": "sha512-sGkPx+VjMtmA6MX27oA4FBFELFCZZ4S4XqeGOXCv68tT+jb3vk/RyaKWP0PTKyWtmLSM0b+adUTEvbs1PEaH2w==",
      "dev": true
    },
    "typescript": {
      "version": "3.5.3",
      "resolved": "https://registry.npmjs.org/typescript/-/typescript-3.5.3.tgz",
      "integrity": "sha512-ACzBtm/PhXBDId6a6sDJfroT2pOWt/oOnk4/dElG5G33ZL776N3Y6/6bKZJBFpd+b05F3Ct9qDjMeJmRWtE2/g==",
      "dev": true
    },
    "uuid": {
      "version": "3.3.2",
      "resolved": "https://carfax.jfrog.io/carfax/api/npm/npm-all/uuid/-/uuid-3.3.2.tgz",
      "integrity": "sha1-G0r0lV6zB3xQHCOHL8ZROBFYcTE="
    }
  }
}
