{
  "requires": true,
  "lockfileVersion": 1,
  "dependencies": {
    "@grapheng/prelude": {
      "version": "5.2.0",
      "resolved": "https://carfax.jfrog.io/carfax/api/npm/npm-all/@grapheng/prelude/-/prelude-5.2.0.tgz",
      "integrity": "sha1-xZU+hN21ZKGFypmCbgra7vt42us=",
      "dev": true,
      "requires": {
        "fp-ts": "^1.14.3",
        "fp-ts-contrib": "^0.0.6",
        "io-ts": "^1.8.3",
        "ms": "^2.1.1"
      }
    },
    "@types/node": {
      "version": "12.6.3",
      "resolved": "https://carfax.jfrog.io/carfax/api/npm/npm-all/@types/node/-/node-12.6.3.tgz",
      "integrity": "sha1-RNUHxWNPhecWRwfKNruiG1IT1Ic=",
      "dev": true
    },
    "@types/uuid": {
      "version": "3.4.5",
      "resolved": "https://carfax.jfrog.io/carfax/api/npm/npm-all/@types/uuid/-/uuid-3.4.5.tgz",
      "integrity": "sha1-1NwQeFtJehR06uC6fwywnA3f1us=",
      "dev": true,
      "requires": {
        "@types/node": "*"
      }
    },
    "fp-ts": {
      "version": "1.19.4",
      "resolved": "https://carfax.jfrog.io/carfax/api/npm/npm-all/fp-ts/-/fp-ts-1.19.4.tgz",
      "integrity": "sha1-JYrCR7eawOqCqRsxtmWpP3NedjY=",
      "dev": true
    },
    "fp-ts-contrib": {
      "version": "0.0.6",
      "resolved": "https://carfax.jfrog.io/carfax/api/npm/npm-all/fp-ts-contrib/-/fp-ts-contrib-0.0.6.tgz",
      "integrity": "sha1-d7Jk5jKmkmHcT8pClGsPrPhSZwc=",
      "dev": true
    },
    "io-ts": {
      "version": "1.10.4",
      "resolved": "https://carfax.jfrog.io/carfax/api/npm/npm-all/io-ts/-/io-ts-1.10.4.tgz",
      "integrity": "sha1-zVQBsTjeiOT5IK28twJuLRln5uI=",
      "dev": true,
      "requires": {
        "fp-ts": "^1.0.0"
      }
    },
    "ms": {
      "version": "2.1.2",
      "resolved": "https://carfax.jfrog.io/carfax/api/npm/npm-all/ms/-/ms-2.1.2.tgz",
      "integrity": "sha1-0J0fNXtEP0kzgqjrPM0YOHKuYAk=",
      "dev": true
    },
    "uuid": {
      "version": "3.3.2",
      "resolved": "https://carfax.jfrog.io/carfax/api/npm/npm-all/uuid/-/uuid-3.3.2.tgz",
      "integrity": "sha1-G0r0lV6zB3xQHCOHL8ZROBFYcTE="
    }
  }
}
