{
  "name": "symbols",
  "requires": true,
  "lockfileVersion": 1,
  "dependencies": {
    "@types/lodash": {
      "version": "4.14.115",
      "resolved": "https://registry.npmjs.org/@types/lodash/-/lodash-4.14.115.tgz",
      "integrity": "sha512-9K/P4XMQxk61omAzQh3bbbFiqnG17eLcFysjlAYz0aPcYrVo8T+ujaCeIeY0Gpzux7x1YbxtEtLKB7ZWf79qdg==",
      "dev": true
    },
    "lodash": {
      "version": "4.17.10",
      "resolved": "https://registry.npmjs.org/lodash/-/lodash-4.17.10.tgz",
      "integrity": "sha512-UejweD1pDoXu+AD825lWwp4ZGtSwgnpZxb3JDViD7StjQz+Nb/6l093lx4OQ0foGWNRoc19mWy7BzL+UAK2iVg=="
    }
  }
}
